
Microsoft Visual Studio Solution File, Format Version 12.00
# Visual Studio Version 16
VisualStudioVersion = 16.0.31613.86
MinimumVisualStudioVersion = 10.0.40219.1
Project("{FAE04EC0-301F-11D3-BF4B-00C04F79EFBC}") = "MusicScraper.Web", "MusicScraper.Web\MusicScraper.Web.csproj", "{A716EA7D-2EF0-413E-AEC9-76E1FEA39192}"
EndProject
Project("{FAE04EC0-301F-11D3-BF4B-00C04F79EFBC}") = "MusicScraper.Data", "MusicScraper.Data\MusicScraper.Data.csproj", "{6BA3AECD-DA43-4F91-9A8A-1D9316BD590E}"
EndProject
Global
	GlobalSection(SolutionConfigurationPlatforms) = preSolution
		Debug|Any CPU = Debug|Any CPU
		Release|Any CPU = Release|Any CPU
	EndGlobalSection
	GlobalSection(ProjectConfigurationPlatforms) = postSolution
		{A716EA7D-2EF0-413E-AEC9-76E1FEA39192}.Debug|Any CPU.ActiveCfg = Debug|Any CPU
		{A716EA7D-2EF0-413E-AEC9-76E1FEA39192}.Debug|Any CPU.Build.0 = Debug|Any CPU
		{A716EA7D-2EF0-413E-AEC9-76E1FEA39192}.Release|Any CPU.ActiveCfg = Release|Any CPU
		{A716EA7D-2EF0-413E-AEC9-76E1FEA39192}.Release|Any CPU.Build.0 = Release|Any CPU
		{6BA3AECD-DA43-4F91-9A8A-1D9316BD590E}.Debug|Any CPU.ActiveCfg = Debug|Any CPU
		{6BA3AECD-DA43-4F91-9A8A-1D9316BD590E}.Debug|Any CPU.Build.0 = Debug|Any CPU
		{6BA3AECD-DA43-4F91-9A8A-1D9316BD590E}.Release|Any CPU.ActiveCfg = Release|Any CPU
		{6BA3AECD-DA43-4F91-9A8A-1D9316BD590E}.Release|Any CPU.Build.0 = Release|Any CPU
	EndGlobalSection
	GlobalSection(SolutionProperties) = preSolution
		HideSolutionNode = FALSE
	EndGlobalSection
	GlobalSection(ExtensibilityGlobals) = postSolution
		SolutionGuid = {A146BC06-01B2-465D-9C45-409258C1F165}
	EndGlobalSection
EndGlobal
